{
  "requires": true,
  "lockfileVersion": 1,
  "dependencies": {
    "angular-oauth2-oidc": {
      "version": "17.0.2",
      "resolved": "https://registry.npmjs.org/angular-oauth2-oidc/-/angular-oauth2-oidc-17.0.2.tgz",
      "integrity": "sha512-zYgeLmAnu1g8XAYZK+csAsCQBDhgp9ffBv/eArEnujGxNPTeK00bREHWObtehflpQdSn+k9rY2D15ChCSydyVw==",
      "requires": {
        "tslib": "^2.5.2"
      }
    },
    "tslib": {
      "version": "2.6.2",
      "resolved": "https://registry.npmjs.org/tslib/-/tslib-2.6.2.tgz",
      "integrity": "sha512-AEYxH93jGFPn/a2iVAwW87VuUIkR1FVUKB77NwMF7nBTDkDrrT/Hpt/IrCJ0QXhW27jTBDcf5ZY7w6RiqTMw2Q=="
    }
  }
}
